// !$*UTF8*$!
{
	archiveVersion = 1;
	classes = {
	};
	objectVersion = 77;
	objects = {

/* Begin PBXBuildFile section */
		C0D300000000000000000001 /* Loom/ContentView.swift in Sources */ = {isa = PBXBuildFile; fileRef = C0D400000000000000000001 /* Loom/ContentView.swift */; };
		C0D300000000000000000005 /* Loom/Features/Graph/GraphPane.swift in Sources */ = {isa = PBXBuildFile; fileRef = C0D400000000000000000005 /* Loom/Features/Graph/GraphPane.swift */; };
		C0D300000000000000000006 /* Loom/Features/Inspector/InspectorPane.swift in Sources */ = {isa = PBXBuildFile; fileRef = C0D400000000000000000006 /* Loom/Features/Inspector/InspectorPane.swift */; };
		C0D300000000000000000007 /* Loom/Features/MainLayout/MainThreePaneLayoutView.swift in Sources */ = {isa = PBXBuildFile; fileRef = C0D400000000000000000007 /* Loom/Features/MainLayout/MainThreePaneLayoutView.swift */; };
		C0D300000000000000000008 /* Loom/Features/MainLayout/TraceStore.swift in Sources */ = {isa = PBXBuildFile; fileRef = C0D400000000000000000008 /* Loom/Features/MainLayout/TraceStore.swift */; };
		C0D300000000000000000009 /* Loom/Features/Menu/AgentTraceMenuCommands.swift in Sources */ = {isa = PBXBuildFile; fileRef = C0D400000000000000000009 /* Loom/Features/Menu/AgentTraceMenuCommands.swift */; };
		C0D30000000000000000000A /* Loom/Features/Settings/AppSettingsView.swift in Sources */ = {isa = PBXBuildFile; fileRef = C0D40000000000000000000A /* Loom/Features/Settings/AppSettingsView.swift */; };
		C0D30000000000000000000B /* Loom/Features/Shell/TitleBar.swift in Sources */ = {isa = PBXBuildFile; fileRef = C0D40000000000000000000B /* Loom/Features/Shell/TitleBar.swift */; };
		C0D30000000000000000000C /* Loom/Features/Sidebar/Sidebar.swift in Sources */ = {isa = PBXBuildFile; fileRef = C0D40000000000000000000C /* Loom/Features/Sidebar/Sidebar.swift */; };
		C0D30000000000000000000D /* Loom/Features/Welcome/WelcomeView.swift in Sources */ = {isa = PBXBuildFile; fileRef = C0D40000000000000000000D /* Loom/Features/Welcome/WelcomeView.swift */; };
		C0D30000000000000000000E /* Loom/Item.swift in Sources */ = {isa = PBXBuildFile; fileRef = C0D40000000000000000000E /* Loom/Item.swift */; };
		C0D30000000000000000000F /* Loom/LoomApp.swift in Sources */ = {isa = PBXBuildFile; fileRef = C0D40000000000000000000F /* Loom/LoomApp.swift */; };
		C0D300000000000000000015 /* Loom/Shared/WindowChromeHider.swift in Sources */ = {isa = PBXBuildFile; fileRef = C0D400000000000000000015 /* Loom/Shared/WindowChromeHider.swift */; };
		C0D300000000000000000016 /* Loom/Assets.xcassets in Resources */ = {isa = PBXBuildFile; fileRef = C0D400000000000000000016 /* Loom/Assets.xcassets */; };
		C0D500000000000000000001 /* Core in Frameworks */ = {isa = PBXBuildFile; productRef = C0D600000000000000000001 /* Core */; };
		C0D500000000000000000002 /* UI in Frameworks */ = {isa = PBXBuildFile; productRef = C0D600000000000000000002 /* UI */; };
		C0D500000000000000000003 /* Networking in Frameworks */ = {isa = PBXBuildFile; productRef = C0D600000000000000000003 /* Networking */; };
		C0D500000000000000000004 /* App in Frameworks */ = {isa = PBXBuildFile; productRef = C0D600000000000000000004 /* App */; };
/* End PBXBuildFile section */

/* Begin PBXFileReference section */
		13B6D8F92FCAC593004EDF4E /* Tether.app */ = {isa = PBXFileReference; explicitFileType = wrapper.application; includeInIndex = 0; path = Tether.app; sourceTree = BUILT_PRODUCTS_DIR; };
		C0D400000000000000000001 /* Loom/ContentView.swift */ = {isa = PBXFileReference; lastKnownFileType = sourcecode.swift; path = Loom/ContentView.swift; sourceTree = SOURCE_ROOT; };
		C0D400000000000000000005 /* Loom/Features/Graph/GraphPane.swift */ = {isa = PBXFileReference; lastKnownFileType = sourcecode.swift; path = Loom/Features/Graph/GraphPane.swift; sourceTree = SOURCE_ROOT; };
		C0D400000000000000000006 /* Loom/Features/Inspector/InspectorPane.swift */ = {isa = PBXFileReference; lastKnownFileType = sourcecode.swift; path = Loom/Features/Inspector/InspectorPane.swift; sourceTree = SOURCE_ROOT; };
		C0D400000000000000000007 /* Loom/Features/MainLayout/MainThreePaneLayoutView.swift */ = {isa = PBXFileReference; lastKnownFileType = sourcecode.swift; path = Loom/Features/MainLayout/MainThreePaneLayoutView.swift; sourceTree = SOURCE_ROOT; };
		C0D400000000000000000008 /* Loom/Features/MainLayout/TraceStore.swift */ = {isa = PBXFileReference; lastKnownFileType = sourcecode.swift; path = Loom/Features/MainLayout/TraceStore.swift; sourceTree = SOURCE_ROOT; };
		C0D400000000000000000009 /* Loom/Features/Menu/AgentTraceMenuCommands.swift */ = {isa = PBXFileReference; lastKnownFileType = sourcecode.swift; path = Loom/Features/Menu/AgentTraceMenuCommands.swift; sourceTree = SOURCE_ROOT; };
		C0D40000000000000000000A /* Loom/Features/Settings/AppSettingsView.swift */ = {isa = PBXFileReference; lastKnownFileType = sourcecode.swift; path = Loom/Features/Settings/AppSettingsView.swift; sourceTree = SOURCE_ROOT; };
		C0D40000000000000000000B /* Loom/Features/Shell/TitleBar.swift */ = {isa = PBXFileReference; lastKnownFileType = sourcecode.swift; path = Loom/Features/Shell/TitleBar.swift; sourceTree = SOURCE_ROOT; };
		C0D40000000000000000000C /* Loom/Features/Sidebar/Sidebar.swift */ = {isa = PBXFileReference; lastKnownFileType = sourcecode.swift; path = Loom/Features/Sidebar/Sidebar.swift; sourceTree = SOURCE_ROOT; };
		C0D40000000000000000000D /* Loom/Features/Welcome/WelcomeView.swift */ = {isa = PBXFileReference; lastKnownFileType = sourcecode.swift; path = Loom/Features/Welcome/WelcomeView.swift; sourceTree = SOURCE_ROOT; };
		C0D40000000000000000000E /* Loom/Item.swift */ = {isa = PBXFileReference; lastKnownFileType = sourcecode.swift; path = Loom/Item.swift; sourceTree = SOURCE_ROOT; };
		C0D40000000000000000000F /* Loom/LoomApp.swift */ = {isa = PBXFileReference; lastKnownFileType = sourcecode.swift; path = Loom/LoomApp.swift; sourceTree = SOURCE_ROOT; };
		C0D400000000000000000015 /* Loom/Shared/WindowChromeHider.swift */ = {isa = PBXFileReference; lastKnownFileType = sourcecode.swift; path = Loom/Shared/WindowChromeHider.swift; sourceTree = SOURCE_ROOT; };
		C0D400000000000000000016 /* Loom/Assets.xcassets */ = {isa = PBXFileReference; lastKnownFileType = folder.assetcatalog; path = Loom/Assets.xcassets; sourceTree = SOURCE_ROOT; };
/* End PBXFileReference section */

/* Begin PBXFileSystemSynchronizedRootGroup section */
		13B6D8FB2FCAC593004EDF4E /* Loom */ = {
			isa = PBXFileSystemSynchronizedRootGroup;
			path = Loom;
			sourceTree = "<group>";
		};
/* End PBXFileSystemSynchronizedRootGroup section */

/* Begin PBXFrameworksBuildPhase section */
		13B6D8F62FCAC593004EDF4E /* Frameworks */ = {
			isa = PBXFrameworksBuildPhase;
			buildActionMask = 2147483647;
			files = (
				C0D500000000000000000004 /* App in Frameworks */,
				C0D500000000000000000001 /* Core in Frameworks */,
				C0D500000000000000000003 /* Networking in Frameworks */,
				C0D500000000000000000002 /* UI in Frameworks */,
			);
			runOnlyForDeploymentPostprocessing = 0;
		};
/* End PBXFrameworksBuildPhase section */

/* Begin PBXGroup section */
		13B6D8F02FCAC593004EDF4E = {
			isa = PBXGroup;
			children = (
				13B6D8FB2FCAC593004EDF4E /* Loom */,
				13B6D8FA2FCAC593004EDF4E /* Products */,
				13F79DB62FD6E63F004BCB7D /* Recovered References */,
			);
			sourceTree = "<group>";
		};
		13B6D8FA2FCAC593004EDF4E /* Products */ = {
			isa = PBXGroup;
			children = (
				13B6D8F92FCAC593004EDF4E /* Tether.app */,
			);
			name = Products;
			sourceTree = "<group>";
		};
		13F79DB62FD6E63F004BCB7D /* Recovered References */ = {
			isa = PBXGroup;
			children = (
				C0D40000000000000000000A /* Loom/Features/Settings/AppSettingsView.swift */,
				C0D400000000000000000009 /* Loom/Features/Menu/AgentTraceMenuCommands.swift */,
				C0D400000000000000000001 /* Loom/ContentView.swift */,
				C0D400000000000000000005 /* Loom/Features/Graph/GraphPane.swift */,
				C0D400000000000000000006 /* Loom/Features/Inspector/InspectorPane.swift */,
				C0D40000000000000000000E /* Loom/Item.swift */,
				C0D40000000000000000000F /* Loom/LoomApp.swift */,
				C0D400000000000000000007 /* Loom/Features/MainLayout/MainThreePaneLayoutView.swift */,
				C0D40000000000000000000C /* Loom/Features/Sidebar/Sidebar.swift */,
				C0D40000000000000000000B /* Loom/Features/Shell/TitleBar.swift */,
				C0D400000000000000000008 /* Loom/Features/MainLayout/TraceStore.swift */,
				C0D40000000000000000000D /* Loom/Features/Welcome/WelcomeView.swift */,
				C0D400000000000000000015 /* Loom/Shared/WindowChromeHider.swift */,
				C0D400000000000000000016 /* Loom/Assets.xcassets */,
			);
			name = "Recovered References";
			sourceTree = "<group>";
		};
/* End PBXGroup section */

/* Begin PBXNativeTarget section */
		13B6D8F82FCAC593004EDF4E /* Tether */ = {
			isa = PBXNativeTarget;
			buildConfigurationList = 13B6D9062FCAC594004EDF4E /* Build configuration list for PBXNativeTarget "Tether" */;
			buildPhases = (
				13B6D8F52FCAC593004EDF4E /* Sources */,
				13B6D8F62FCAC593004EDF4E /* Frameworks */,
				13B6D8F72FCAC593004EDF4E /* Resources */,
			);
			buildRules = (
			);
			dependencies = (
			);
			name = Tether;
			packageProductDependencies = (
				C0D600000000000000000001 /* Core */,
				C0D600000000000000000002 /* UI */,
				C0D600000000000000000003 /* Networking */,
				C0D600000000000000000004 /* App */,
			);
			productName = Tether;
			productReference = 13B6D8F92FCAC593004EDF4E /* Tether.app */;
			productType = "com.apple.product-type.application";
		};
/* End PBXNativeTarget section */

/* Begin PBXProject section */
		13B6D8F12FCAC593004EDF4E /* Project object */ = {
			isa = PBXProject;
			attributes = {
				BuildIndependentTargetsInParallel = 1;
				LastSwiftUpdateCheck = 2650;
				LastUpgradeCheck = 2700;
				TargetAttributes = {
					13B6D8F82FCAC593004EDF4E = {
						CreatedOnToolsVersion = 26.5;
					};
				};
			};
			buildConfigurationList = 13B6D8F42FCAC593004EDF4E /* Build configuration list for PBXProject "Loom" */;
			developmentRegion = en;
			hasScannedForEncodings = 0;
			knownRegions = (
				en,
				Base,
			);
			mainGroup = 13B6D8F02FCAC593004EDF4E;
			minimizedProjectReferenceProxies = 1;
			packageReferences = (
				C0D700000000000000000001 /* XCLocalSwiftPackageReference "." */,
			);
			preferredProjectObjectVersion = 77;
			productRefGroup = 13B6D8FA2FCAC593004EDF4E /* Products */;
			projectDirPath = "";
			projectRoot = "";
			targets = (
				13B6D8F82FCAC593004EDF4E /* Tether */,
			);
		};
/* End PBXProject section */

/* Begin PBXResourcesBuildPhase section */
		13B6D8F72FCAC593004EDF4E /* Resources */ = {
			isa = PBXResourcesBuildPhase;
			buildActionMask = 2147483647;
			files = (
				C0D300000000000000000016 /* Loom/Assets.xcassets in Resources */,
			);
			runOnlyForDeploymentPostprocessing = 0;
		};
/* End PBXResourcesBuildPhase section */

/* Begin PBXSourcesBuildPhase section */
		13B6D8F52FCAC593004EDF4E /* Sources */ = {
			isa = PBXSourcesBuildPhase;
			buildActionMask = 2147483647;
			files = (
				C0D30000000000000000000A /* Loom/Features/Settings/AppSettingsView.swift in Sources */,
				C0D300000000000000000009 /* Loom/Features/Menu/AgentTraceMenuCommands.swift in Sources */,
				C0D300000000000000000001 /* Loom/ContentView.swift in Sources */,
				C0D300000000000000000005 /* Loom/Features/Graph/GraphPane.swift in Sources */,
				C0D300000000000000000006 /* Loom/Features/Inspector/InspectorPane.swift in Sources */,
				C0D30000000000000000000E /* Loom/Item.swift in Sources */,
				C0D30000000000000000000F /* Loom/LoomApp.swift in Sources */,
				C0D300000000000000000007 /* Loom/Features/MainLayout/MainThreePaneLayoutView.swift in Sources */,
				C0D30000000000000000000C /* Loom/Features/Sidebar/Sidebar.swift in Sources */,
				C0D30000000000000000000B /* Loom/Features/Shell/TitleBar.swift in Sources */,
				C0D300000000000000000008 /* Loom/Features/MainLayout/TraceStore.swift in Sources */,
				C0D30000000000000000000D /* Loom/Features/Welcome/WelcomeView.swift in Sources */,
				C0D300000000000000000015 /* Loom/Shared/WindowChromeHider.swift in Sources */,
			);
			runOnlyForDeploymentPostprocessing = 0;
		};
/* End PBXSourcesBuildPhase section */

/* Begin XCBuildConfiguration section */
		13B6D9042FCAC594004EDF4E /* Debug */ = {
			isa = XCBuildConfiguration;
			buildSettings = {
				ALWAYS_SEARCH_USER_PATHS = NO;
				ASSETCATALOG_COMPILER_GENERATE_SWIFT_ASSET_SYMBOL_EXTENSIONS = YES;
				CLANG_ANALYZER_NONNULL = YES;
				CLANG_ANALYZER_NUMBER_OBJECT_CONVERSION = YES_AGGRESSIVE;
				CLANG_CXX_LANGUAGE_STANDARD = "gnu++20";
				CLANG_ENABLE_MODULES = YES;
				CLANG_ENABLE_OBJC_ARC = YES;
				CLANG_ENABLE_OBJC_WEAK = YES;
				CLANG_WARN_BLOCK_CAPTURE_AUTORELEASING = YES;
				CLANG_WARN_BOOL_CONVERSION = YES;
				CLANG_WARN_COMMA = YES;
				CLANG_WARN_CONSTANT_CONVERSION = YES;
				CLANG_WARN_DEPRECATED_OBJC_IMPLEMENTATIONS = YES;
				CLANG_WARN_DIRECT_OBJC_ISA_USAGE = YES_ERROR;
				CLANG_WARN_DOCUMENTATION_COMMENTS = YES;
				CLANG_WARN_EMPTY_BODY = YES;
				CLANG_WARN_ENUM_CONVERSION = YES;
				CLANG_WARN_INFINITE_RECURSION = YES;
				CLANG_WARN_INT_CONVERSION = YES;
				CLANG_WARN_NON_LITERAL_NULL_CONVERSION = YES;
				CLANG_WARN_OBJC_IMPLICIT_RETAIN_SELF = YES;
				CLANG_WARN_OBJC_LITERAL_CONVERSION = YES;
				CLANG_WARN_OBJC_ROOT_CLASS = YES_ERROR;
				CLANG_WARN_QUOTED_INCLUDE_IN_FRAMEWORK_HEADER = YES;
				CLANG_WARN_RANGE_LOOP_ANALYSIS = YES;
				CLANG_WARN_STRICT_PROTOTYPES = YES;
				CLANG_WARN_SUSPICIOUS_MOVE = YES;
				CLANG_WARN_UNGUARDED_AVAILABILITY = YES_AGGRESSIVE;
				CLANG_WARN_UNREACHABLE_CODE = YES;
				CLANG_WARN__DUPLICATE_METHOD_MATCH = YES;
				COPY_PHASE_STRIP = NO;
				DEAD_CODE_STRIPPING = YES;
				DEBUG_INFORMATION_FORMAT = dwarf;
				DEVELOPMENT_TEAM = 9RPQ7DDSR4;
				ENABLE_STRICT_OBJC_MSGSEND = YES;
				ENABLE_TESTABILITY = YES;
				ENABLE_USER_SCRIPT_SANDBOXING = YES;
				GCC_C_LANGUAGE_STANDARD = gnu17;
				GCC_DYNAMIC_NO_PIC = NO;
				GCC_NO_COMMON_BLOCKS = YES;
				GCC_OPTIMIZATION_LEVEL = 0;
				GCC_PREPROCESSOR_DEFINITIONS = (
					"DEBUG=1",
					"$(inherited)",
				);
				GCC_WARN_64_TO_32_BIT_CONVERSION = YES;
				GCC_WARN_ABOUT_RETURN_TYPE = YES_ERROR;
				GCC_WARN_UNDECLARED_SELECTOR = YES;
				GCC_WARN_UNINITIALIZED_AUTOS = YES_AGGRESSIVE;
				GCC_WARN_UNUSED_FUNCTION = YES;
				GCC_WARN_UNUSED_VARIABLE = YES;
				LOCALIZATION_PREFERS_STRING_CATALOGS = YES;
				MACOSX_DEPLOYMENT_TARGET = 26.5;
				MTL_ENABLE_DEBUG_INFO = INCLUDE_SOURCE;
				MTL_FAST_MATH = YES;
				ONLY_ACTIVE_ARCH = YES;
				SDKROOT = macosx;
				STRING_CATALOG_GENERATE_SYMBOLS = YES;
				SWIFT_ACTIVE_COMPILATION_CONDITIONS = "DEBUG $(inherited)";
				SWIFT_OPTIMIZATION_LEVEL = "-Onone";
			};
			name = Debug;
		};
		13B6D9052FCAC594004EDF4E /* Release */ = {
			isa = XCBuildConfiguration;
			buildSettings = {
				ALWAYS_SEARCH_USER_PATHS = NO;
				ASSETCATALOG_COMPILER_GENERATE_SWIFT_ASSET_SYMBOL_EXTENSIONS = YES;
				CLANG_ANALYZER_NONNULL = YES;
				CLANG_ANALYZER_NUMBER_OBJECT_CONVERSION = YES_AGGRESSIVE;
				CLANG_CXX_LANGUAGE_STANDARD = "gnu++20";
				CLANG_ENABLE_MODULES = YES;
				CLANG_ENABLE_OBJC_ARC = YES;
				CLANG_ENABLE_OBJC_WEAK = YES;
				CLANG_WARN_BLOCK_CAPTURE_AUTORELEASING = YES;
				CLANG_WARN_BOOL_CONVERSION = YES;
				CLANG_WARN_COMMA = YES;
				CLANG_WARN_CONSTANT_CONVERSION = YES;
				CLANG_WARN_DEPRECATED_OBJC_IMPLEMENTATIONS = YES;
				CLANG_WARN_DIRECT_OBJC_ISA_USAGE = YES_ERROR;
				CLANG_WARN_DOCUMENTATION_COMMENTS = YES;
				CLANG_WARN_EMPTY_BODY = YES;
				CLANG_WARN_ENUM_CONVERSION = YES;
				CLANG_WARN_INFINITE_RECURSION = YES;
				CLANG_WARN_INT_CONVERSION = YES;
				CLANG_WARN_NON_LITERAL_NULL_CONVERSION = YES;
				CLANG_WARN_OBJC_IMPLICIT_RETAIN_SELF = YES;
				CLANG_WARN_OBJC_LITERAL_CONVERSION = YES;
				CLANG_WARN_OBJC_ROOT_CLASS = YES_ERROR;
				CLANG_WARN_QUOTED_INCLUDE_IN_FRAMEWORK_HEADER = YES;
				CLANG_WARN_RANGE_LOOP_ANALYSIS = YES;
				CLANG_WARN_STRICT_PROTOTYPES = YES;
				CLANG_WARN_SUSPICIOUS_MOVE = YES;
				CLANG_WARN_UNGUARDED_AVAILABILITY = YES_AGGRESSIVE;
				CLANG_WARN_UNREACHABLE_CODE = YES;
				CLANG_WARN__DUPLICATE_METHOD_MATCH = YES;
				COPY_PHASE_STRIP = NO;
				DEAD_CODE_STRIPPING = YES;
				DEBUG_INFORMATION_FORMAT = "dwarf-with-dsym";
				DEVELOPMENT_TEAM = 9RPQ7DDSR4;
				ENABLE_NS_ASSERTIONS = NO;
				ENABLE_STRICT_OBJC_MSGSEND = YES;
				ENABLE_USER_SCRIPT_SANDBOXING = YES;
				GCC_C_LANGUAGE_STANDARD = gnu17;
				GCC_NO_COMMON_BLOCKS = YES;
				GCC_WARN_64_TO_32_BIT_CONVERSION = YES;
				GCC_WARN_ABOUT_RETURN_TYPE = YES_ERROR;
				GCC_WARN_UNDECLARED_SELECTOR = YES;
				GCC_WARN_UNINITIALIZED_AUTOS = YES_AGGRESSIVE;
				GCC_WARN_UNUSED_FUNCTION = YES;
				GCC_WARN_UNUSED_VARIABLE = YES;
				LOCALIZATION_PREFERS_STRING_CATALOGS = YES;
				MACOSX_DEPLOYMENT_TARGET = 26.5;
				MTL_ENABLE_DEBUG_INFO = NO;
				MTL_FAST_MATH = YES;
				SDKROOT = macosx;
				STRING_CATALOG_GENERATE_SYMBOLS = YES;
				SWIFT_COMPILATION_MODE = wholemodule;
			};
			name = Release;
		};
		13B6D9072FCAC594004EDF4E /* Debug */ = {
			isa = XCBuildConfiguration;
			buildSettings = {
				ASSETCATALOG_COMPILER_APPICON_NAME = AppIcon;
				ASSETCATALOG_COMPILER_GLOBAL_ACCENT_COLOR_NAME = AppAccentColor;
				CODE_SIGN_STYLE = Automatic;
				COMBINE_HIDPI_IMAGES = YES;
				CURRENT_PROJECT_VERSION = 1;
				DEAD_CODE_STRIPPING = YES;
				DEVELOPMENT_TEAM = 9RPQ7DDSR4;
				ENABLE_APP_SANDBOX = NO;
				ENABLE_HARDENED_RUNTIME = YES;
				ENABLE_PREVIEWS = YES;
				ENABLE_USER_SELECTED_FILES = readonly;
				GENERATE_INFOPLIST_FILE = YES;
				INFOPLIST_KEY_NSHumanReadableCopyright = "";
				LD_RUNPATH_SEARCH_PATHS = (
					"$(inherited)",
					"@executable_path/../Frameworks",
				);
				MACOSX_DEPLOYMENT_TARGET = 26.5;
				MARKETING_VERSION = 1.0;
				PRODUCT_BUNDLE_IDENTIFIER = yaroslavfairfieldd.Tether;
				PRODUCT_NAME = "$(TARGET_NAME)";
				REGISTER_APP_GROUPS = YES;
				STRING_CATALOG_GENERATE_SYMBOLS = YES;
				SWIFT_APPROACHABLE_CONCURRENCY = YES;
				SWIFT_DEFAULT_ACTOR_ISOLATION = MainActor;
				SWIFT_EMIT_LOC_STRINGS = YES;
				SWIFT_UPCOMING_FEATURE_MEMBER_IMPORT_VISIBILITY = YES;
				SWIFT_VERSION = 5.0;
			};
			name = Debug;
		};
		13B6D9082FCAC594004EDF4E /* Release */ = {
			isa = XCBuildConfiguration;
			buildSettings = {
				ASSETCATALOG_COMPILER_APPICON_NAME = AppIcon;
				ASSETCATALOG_COMPILER_GLOBAL_ACCENT_COLOR_NAME = AppAccentColor;
				CODE_SIGN_STYLE = Automatic;
				COMBINE_HIDPI_IMAGES = YES;
				CURRENT_PROJECT_VERSION = 1;
				DEAD_CODE_STRIPPING = YES;
				DEVELOPMENT_TEAM = 9RPQ7DDSR4;
				ENABLE_APP_SANDBOX = NO;
				ENABLE_HARDENED_RUNTIME = YES;
				ENABLE_PREVIEWS = YES;
				ENABLE_USER_SELECTED_FILES = readonly;
				GENERATE_INFOPLIST_FILE = YES;
				INFOPLIST_KEY_NSHumanReadableCopyright = "";
				LD_RUNPATH_SEARCH_PATHS = (
					"$(inherited)",
					"@executable_path/../Frameworks",
				);
				MACOSX_DEPLOYMENT_TARGET = 26.5;
				MARKETING_VERSION = 1.0;
				PRODUCT_BUNDLE_IDENTIFIER = yaroslavfairfieldd.Tether;
				PRODUCT_NAME = "$(TARGET_NAME)";
				REGISTER_APP_GROUPS = YES;
				STRING_CATALOG_GENERATE_SYMBOLS = YES;
				SWIFT_APPROACHABLE_CONCURRENCY = YES;
				SWIFT_DEFAULT_ACTOR_ISOLATION = MainActor;
				SWIFT_EMIT_LOC_STRINGS = YES;
				SWIFT_UPCOMING_FEATURE_MEMBER_IMPORT_VISIBILITY = YES;
				SWIFT_VERSION = 5.0;
			};
			name = Release;
		};
/* End XCBuildConfiguration section */

/* Begin XCConfigurationList section */
		13B6D8F42FCAC593004EDF4E /* Build configuration list for PBXProject "Loom" */ = {
			isa = XCConfigurationList;
			buildConfigurations = (
				13B6D9042FCAC594004EDF4E /* Debug */,
				13B6D9052FCAC594004EDF4E /* Release */,
			);
			defaultConfigurationIsVisible = 0;
			defaultConfigurationName = Release;
		};
		13B6D9062FCAC594004EDF4E /* Build configuration list for PBXNativeTarget "Tether" */ = {
			isa = XCConfigurationList;
			buildConfigurations = (
				13B6D9072FCAC594004EDF4E /* Debug */,
				13B6D9082FCAC594004EDF4E /* Release */,
			);
			defaultConfigurationIsVisible = 0;
			defaultConfigurationName = Release;
		};
/* End XCConfigurationList section */

/* Begin XCLocalSwiftPackageReference section */
		C0D700000000000000000001 /* XCLocalSwiftPackageReference "." */ = {
			isa = XCLocalSwiftPackageReference;
			relativePath = .;
		};
/* End XCLocalSwiftPackageReference section */

/* Begin XCSwiftPackageProductDependency section */
		C0D600000000000000000001 /* Core */ = {
			isa = XCSwiftPackageProductDependency;
			package = C0D700000000000000000001 /* XCLocalSwiftPackageReference "." */;
			productName = Core;
		};
		C0D600000000000000000002 /* UI */ = {
			isa = XCSwiftPackageProductDependency;
			package = C0D700000000000000000001 /* XCLocalSwiftPackageReference "." */;
			productName = UI;
		};
		C0D600000000000000000003 /* Networking */ = {
			isa = XCSwiftPackageProductDependency;
			package = C0D700000000000000000001 /* XCLocalSwiftPackageReference "." */;
			productName = Networking;
		};
		C0D600000000000000000004 /* App */ = {
			isa = XCSwiftPackageProductDependency;
			package = C0D700000000000000000001 /* XCLocalSwiftPackageReference "." */;
			productName = App;
		};
/* End XCSwiftPackageProductDependency section */
	};
	rootObject = 13B6D8F12FCAC593004EDF4E /* Project object */;
}
